
Microsoft Visual Studio Solution File, Format Version 12.00
Project("{FAE04EC0-301F-11D3-BF4B-00C04F79EFBC}") = "triangles", "triangles\triangles.csproj", "{CFB032E7-E89E-44BD-B295-6C142D0BFC90}"
EndProject
Global
	GlobalSection(SolutionConfigurationPlatforms) = preSolution
		Debug|Any CPU = Debug|Any CPU
		Release|Any CPU = Release|Any CPU
	EndGlobalSection
	GlobalSection(ProjectConfigurationPlatforms) = postSolution
		{CFB032E7-E89E-44BD-B295-6C142D0BFC90}.Debug|Any CPU.ActiveCfg = Debug|Any CPU
		{CFB032E7-E89E-44BD-B295-6C142D0BFC90}.Debug|Any CPU.Build.0 = Debug|Any CPU
		{CFB032E7-E89E-44BD-B295-6C142D0BFC90}.Release|Any CPU.ActiveCfg = Release|Any CPU
		{CFB032E7-E89E-44BD-B295-6C142D0BFC90}.Release|Any CPU.Build.0 = Release|Any CPU
	EndGlobalSection
EndGlobal
